hash: a06efa1cac46c22f0b410b3538f7ec3fbda725b797d382fd3838bda23bfad00c
updated: 2016-11-29T12:03:02.678613677-08:00
imports:
- name: github.com/golang/glog
  version: 23def4e6c14b4da8ac2ed8007337bc5eb5007998
- name: github.com/golang/protobuf
  version: b982704f8bb716bb608144408cff30e15fbde841
  subpackages:
  - proto
- name: github.com/google/logger
  version: f7ee3f06fe52710d18e679d7fc19a6baec611139
- name: github.com/spf13/pflag
  version: 1560c1005499d61b80f865c04d39ca7505bf7f0b
- name: github.com/vmturbo/vmturbo-go-sdk
  version: 41214d6ea34b9c8626aab17ca0607f3774497352
  subpackages:
  - communicator
  - sdk
- name: golang.org/x/net
  version: c2528b2dd8352441850638a8bb678c2ad056fd3e
  subpackages:
  - websocket
- name: golang.org/x/sys
  version: a646d33e2ee3172a661fc09bca23bb4889a41bc8
  subpackages:
  - windows
  - windows/registry
  - windows/svc/eventlog
- name: gopkg.in/yaml.v2
  version: e4d366fc3c7938e2958e662b4258c7a89e1f0e3e
testImports: []
