hash: 8c4e0b40d897d01ba824c721df49160b3e638e3657298e39f72974b0e084915c
updated: 2016-07-24T17:00:02.985471168-07:00
imports:
- name: github.com/golang/glog
  version: 23def4e6c14b4da8ac2ed8007337bc5eb5007998
- name: github.com/golang/protobuf
  version: a1dfa5ef89a13a0aa4be5a6f81179db10bfeea36
  subpackages:
  - proto
- name: github.com/google/logger
  version: f7ee3f06fe52710d18e679d7fc19a6baec611139
- name: github.com/spf13/pflag
  version: 1560c1005499d61b80f865c04d39ca7505bf7f0b
- name: github.com/vmturbo/vmturbo-go-sdk
  version: 48be989e457dc606ddfbb322acf53824d9c644da
  subpackages:
  - communicator
  - sdk
- name: golang.org/x/net
  version: cbcac7bb8415db9b6cb4d1ebab1dc9afbd688b97
  subpackages:
  - websocket
- name: golang.org/x/sys
  version: a646d33e2ee3172a661fc09bca23bb4889a41bc8
  subpackages:
  - windows/svc/eventlog
  - windows
  - windows/registry
- name: gopkg.in/yaml.v2
  version: e4d366fc3c7938e2958e662b4258c7a89e1f0e3e
testImports: []
